
Microsoft Visual Studio Solution File, Format Version 12.00
# Visual Studio Version 17
VisualStudioVersion = 17.0.31903.59
MinimumVisualStudioVersion = 10.0.40219.1
Project("{2150E333-8FDC-42A3-9474-1A3956D46DE8}") = "src", "src", "{292EF796-9239-4493-A688-29D5E2F12F7F}"
EndProject
Project("{FAE04EC0-301F-11D3-BF4B-00C04F79EFBC}") = "University", "src\University\University.csproj", "{9944CCC1-EF10-4291-9BF7-512229EE1ADD}"
EndProject
Project("{2150E333-8FDC-42A3-9474-1A3956D46DE8}") = "tests", "tests", "{4DE3F763-2F15-466B-9A18-527595A236F9}"
EndProject
Project("{FAE04EC0-301F-11D3-BF4B-00C04F79EFBC}") = "University.Tests", "tests\University.Tests\University.Tests.csproj", "{F88D97C8-2462-4FF3-A1A1-87162805B8E9}"
EndProject
Global
	GlobalSection(SolutionConfigurationPlatforms) = preSolution
		Debug|Any CPU = Debug|Any CPU
		Release|Any CPU = Release|Any CPU
	EndGlobalSection
	GlobalSection(SolutionProperties) = preSolution
		HideSolutionNode = FALSE
	EndGlobalSection
	GlobalSection(ProjectConfigurationPlatforms) = postSolution
		{9944CCC1-EF10-4291-9BF7-512229EE1ADD}.Debug|Any CPU.ActiveCfg = Debug|Any CPU
		{9944CCC1-EF10-4291-9BF7-512229EE1ADD}.Debug|Any CPU.Build.0 = Debug|Any CPU
		{9944CCC1-EF10-4291-9BF7-512229EE1ADD}.Release|Any CPU.ActiveCfg = Release|Any CPU
		{9944CCC1-EF10-4291-9BF7-512229EE1ADD}.Release|Any CPU.Build.0 = Release|Any CPU
		{F88D97C8-2462-4FF3-A1A1-87162805B8E9}.Debug|Any CPU.ActiveCfg = Debug|Any CPU
		{F88D97C8-2462-4FF3-A1A1-87162805B8E9}.Debug|Any CPU.Build.0 = Debug|Any CPU
		{F88D97C8-2462-4FF3-A1A1-87162805B8E9}.Release|Any CPU.ActiveCfg = Release|Any CPU
		{F88D97C8-2462-4FF3-A1A1-87162805B8E9}.Release|Any CPU.Build.0 = Release|Any CPU
	EndGlobalSection
	GlobalSection(NestedProjects) = preSolution
		{9944CCC1-EF10-4291-9BF7-512229EE1ADD} = {292EF796-9239-4493-A688-29D5E2F12F7F}
		{F88D97C8-2462-4FF3-A1A1-87162805B8E9} = {4DE3F763-2F15-466B-9A18-527595A236F9}
	EndGlobalSection
EndGlobal
